
Microsoft Visual Studio Solution File, Format Version 12.00
# Visual Studio Version 17
VisualStudioVersion = 17.6.33829.357
MinimumVisualStudioVersion = 10.0.40219.1
Project("{9A19103F-16F7-4668-BE54-9A1E7A4F7556}") = "B2B", "B2B.csproj", "{63C26AA4-6D2E-4849-B4EF-A9C2FCB049AA}"
EndProject
Project("{9A19103F-16F7-4668-BE54-9A1E7A4F7556}") = "Entity", "..\Entity\Entity.csproj", "{037A1816-E3E2-41A6-ABED-F5034F4B9B59}"
EndProject
Project("{9A19103F-16F7-4668-BE54-9A1E7A4F7556}") = "DataAccess", "..\DataAccess\DataAccess.csproj", "{919596A2-C498-4F21-875B-3E19464332D8}"
EndProject
Global
	GlobalSection(SolutionConfigurationPlatforms) = preSolution
		Debug|Any CPU = Debug|Any CPU
		Release|Any CPU = Release|Any CPU
	EndGlobalSection
	GlobalSection(ProjectConfigurationPlatforms) = postSolution
		{63C26AA4-6D2E-4849-B4EF-A9C2FCB049AA}.Debug|Any CPU.ActiveCfg = Debug|Any CPU
		{63C26AA4-6D2E-4849-B4EF-A9C2FCB049AA}.Debug|Any CPU.Build.0 = Debug|Any CPU
		{63C26AA4-6D2E-4849-B4EF-A9C2FCB049AA}.Release|Any CPU.ActiveCfg = Release|Any CPU
		{63C26AA4-6D2E-4849-B4EF-A9C2FCB049AA}.Release|Any CPU.Build.0 = Release|Any CPU
		{037A1816-E3E2-41A6-ABED-F5034F4B9B59}.Debug|Any CPU.ActiveCfg = Debug|Any CPU
		{037A1816-E3E2-41A6-ABED-F5034F4B9B59}.Debug|Any CPU.Build.0 = Debug|Any CPU
		{037A1816-E3E2-41A6-ABED-F5034F4B9B59}.Release|Any CPU.ActiveCfg = Release|Any CPU
		{037A1816-E3E2-41A6-ABED-F5034F4B9B59}.Release|Any CPU.Build.0 = Release|Any CPU
		{919596A2-C498-4F21-875B-3E19464332D8}.Debug|Any CPU.ActiveCfg = Debug|Any CPU
		{919596A2-C498-4F21-875B-3E19464332D8}.Debug|Any CPU.Build.0 = Debug|Any CPU
		{919596A2-C498-4F21-875B-3E19464332D8}.Release|Any CPU.ActiveCfg = Release|Any CPU
		{919596A2-C498-4F21-875B-3E19464332D8}.Release|Any CPU.Build.0 = Release|Any CPU
	EndGlobalSection
	GlobalSection(SolutionProperties) = preSolution
		HideSolutionNode = FALSE
	EndGlobalSection
	GlobalSection(ExtensibilityGlobals) = postSolution
		SolutionGuid = {EB302CCF-70E9-45BD-8438-5E35F5A14CF5}
	EndGlobalSection
EndGlobal
